
Microsoft Visual Studio Solution File, Format Version 12.00
# Visual Studio Version 17
VisualStudioVersion = 17.8.34316.72
MinimumVisualStudioVersion = 10.0.40219.1
Project("{FAE04EC0-301F-11D3-BF4B-00C04F79EFBC}") = "Infrastructure", "Infrastructure\Infrastructure.csproj", "{6AB5E463-A82D-4BF8-B71F-AF1D74B23BEF}"
EndProject
Project("{FAE04EC0-301F-11D3-BF4B-00C04F79EFBC}") = "Presentation.ConsoleApp", "Presentation.ConsoleApp\Presentation.ConsoleApp.csproj", "{DC76FF95-B30E-4108-A8A3-D57255BDB9E1}"
EndProject
Project("{FAE04EC0-301F-11D3-BF4B-00C04F79EFBC}") = "Infrastructure.Tests", "Infrastructure.Tests\Infrastructure.Tests.csproj", "{7B56415C-BC9A-49F9-9ECE-9B10B4D7454C}"
EndProject
Global
	GlobalSection(SolutionConfigurationPlatforms) = preSolution
		Debug|Any CPU = Debug|Any CPU
		Release|Any CPU = Release|Any CPU
	EndGlobalSection
	GlobalSection(ProjectConfigurationPlatforms) = postSolution
		{6AB5E463-A82D-4BF8-B71F-AF1D74B23BEF}.Debug|Any CPU.ActiveCfg = Debug|Any CPU
		{6AB5E463-A82D-4BF8-B71F-AF1D74B23BEF}.Debug|Any CPU.Build.0 = Debug|Any CPU
		{6AB5E463-A82D-4BF8-B71F-AF1D74B23BEF}.Release|Any CPU.ActiveCfg = Release|Any CPU
		{6AB5E463-A82D-4BF8-B71F-AF1D74B23BEF}.Release|Any CPU.Build.0 = Release|Any CPU
		{DC76FF95-B30E-4108-A8A3-D57255BDB9E1}.Debug|Any CPU.ActiveCfg = Debug|Any CPU
		{DC76FF95-B30E-4108-A8A3-D57255BDB9E1}.Debug|Any CPU.Build.0 = Debug|Any CPU
		{DC76FF95-B30E-4108-A8A3-D57255BDB9E1}.Release|Any CPU.ActiveCfg = Release|Any CPU
		{DC76FF95-B30E-4108-A8A3-D57255BDB9E1}.Release|Any CPU.Build.0 = Release|Any CPU
		{7B56415C-BC9A-49F9-9ECE-9B10B4D7454C}.Debug|Any CPU.ActiveCfg = Debug|Any CPU
		{7B56415C-BC9A-49F9-9ECE-9B10B4D7454C}.Debug|Any CPU.Build.0 = Debug|Any CPU
		{7B56415C-BC9A-49F9-9ECE-9B10B4D7454C}.Release|Any CPU.ActiveCfg = Release|Any CPU
		{7B56415C-BC9A-49F9-9ECE-9B10B4D7454C}.Release|Any CPU.Build.0 = Release|Any CPU
	EndGlobalSection
	GlobalSection(SolutionProperties) = preSolution
		HideSolutionNode = FALSE
	EndGlobalSection
	GlobalSection(ExtensibilityGlobals) = postSolution
		SolutionGuid = {732A9FB2-93D9-40AB-9654-EE05D4F6268F}
	EndGlobalSection
EndGlobal
